
Microsoft Visual Studio Solution File, Format Version 12.00
# Visual Studio Version 17
VisualStudioVersion = 17.3.32825.248
MinimumVisualStudioVersion = 10.0.40219.1
Project("{9A19103F-16F7-4668-BE54-9A1E7A4F7556}") = "Rivals", "Rivals.csproj", "{839E472F-82A3-44DD-86A7-CF584C2B4AE2}"
EndProject
Global
	GlobalSection(SolutionConfigurationPlatforms) = preSolution
		Debug|Any CPU = Debug|Any CPU
		Release|Any CPU = Release|Any CPU
	EndGlobalSection
	GlobalSection(ProjectConfigurationPlatforms) = postSolution
		{839E472F-82A3-44DD-86A7-CF584C2B4AE2}.Debug|Any CPU.ActiveCfg = Debug|Any CPU
		{839E472F-82A3-44DD-86A7-CF584C2B4AE2}.Debug|Any CPU.Build.0 = Debug|Any CPU
		{839E472F-82A3-44DD-86A7-CF584C2B4AE2}.Release|Any CPU.ActiveCfg = Release|Any CPU
		{839E472F-82A3-44DD-86A7-CF584C2B4AE2}.Release|Any CPU.Build.0 = Release|Any CPU
	EndGlobalSection
	GlobalSection(SolutionProperties) = preSolution
		HideSolutionNode = FALSE
	EndGlobalSection
	GlobalSection(ExtensibilityGlobals) = postSolution
		SolutionGuid = {ACB2F626-7A68-4522-B4C7-9FC946203B7F}
	EndGlobalSection
EndGlobal
